
Microsoft Visual Studio Solution File, Format Version 12.00
# Visual Studio Version 17
VisualStudioVersion = 17.9.34728.123
MinimumVisualStudioVersion = 10.0.40219.1
Project("{FAE04EC0-301F-11D3-BF4B-00C04F79EFBC}") = "LonKhunDoi", "LonKhunDoi\LonKhunDoi.csproj", "{7835D810-BAAB-4D1E-B5C2-A84D008ED10A}"
EndProject
Project("{FAE04EC0-301F-11D3-BF4B-00C04F79EFBC}") = "StartGame", "StartGame\StartGame.csproj", "{62CCABDD-9503-43D0-9BB0-DF2B5F4464A0}"
EndProject
Project("{FAE04EC0-301F-11D3-BF4B-00C04F79EFBC}") = "Tantan", "C:\Users\ROG STRIX G614\source\repos\LonKhunDoi\Tantan\Tantan.csproj", "{26A8A7D9-1237-454E-A09B-521C59EDA501}"
EndProject
Project("{FAE04EC0-301F-11D3-BF4B-00C04F79EFBC}") = "PurpleWin", "PurpleWin\PurpleWin.csproj", "{BB7B6BF7-2FE0-489F-ADA3-D56E9AF69972}"
EndProject
Project("{FAE04EC0-301F-11D3-BF4B-00C04F79EFBC}") = "YellowWin", "YellowWin\YellowWin.csproj", "{B0A5BCD4-7BAE-4F9B-B5AF-51A7FEB20A78}"
EndProject
Global
	GlobalSection(SolutionConfigurationPlatforms) = preSolution
		Debug|Any CPU = Debug|Any CPU
		Release|Any CPU = Release|Any CPU
	EndGlobalSection
	GlobalSection(ProjectConfigurationPlatforms) = postSolution
		{7835D810-BAAB-4D1E-B5C2-A84D008ED10A}.Debug|Any CPU.ActiveCfg = Debug|Any CPU
		{7835D810-BAAB-4D1E-B5C2-A84D008ED10A}.Debug|Any CPU.Build.0 = Debug|Any CPU
		{7835D810-BAAB-4D1E-B5C2-A84D008ED10A}.Release|Any CPU.ActiveCfg = Release|Any CPU
		{7835D810-BAAB-4D1E-B5C2-A84D008ED10A}.Release|Any CPU.Build.0 = Release|Any CPU
		{62CCABDD-9503-43D0-9BB0-DF2B5F4464A0}.Debug|Any CPU.ActiveCfg = Debug|Any CPU
		{62CCABDD-9503-43D0-9BB0-DF2B5F4464A0}.Debug|Any CPU.Build.0 = Debug|Any CPU
		{62CCABDD-9503-43D0-9BB0-DF2B5F4464A0}.Release|Any CPU.ActiveCfg = Release|Any CPU
		{62CCABDD-9503-43D0-9BB0-DF2B5F4464A0}.Release|Any CPU.Build.0 = Release|Any CPU
		{26A8A7D9-1237-454E-A09B-521C59EDA501}.Debug|Any CPU.ActiveCfg = Debug|Any CPU
		{26A8A7D9-1237-454E-A09B-521C59EDA501}.Debug|Any CPU.Build.0 = Debug|Any CPU
		{26A8A7D9-1237-454E-A09B-521C59EDA501}.Release|Any CPU.ActiveCfg = Release|Any CPU
		{26A8A7D9-1237-454E-A09B-521C59EDA501}.Release|Any CPU.Build.0 = Release|Any CPU
		{BB7B6BF7-2FE0-489F-ADA3-D56E9AF69972}.Debug|Any CPU.ActiveCfg = Debug|Any CPU
		{BB7B6BF7-2FE0-489F-ADA3-D56E9AF69972}.Debug|Any CPU.Build.0 = Debug|Any CPU
		{BB7B6BF7-2FE0-489F-ADA3-D56E9AF69972}.Release|Any CPU.ActiveCfg = Release|Any CPU
		{BB7B6BF7-2FE0-489F-ADA3-D56E9AF69972}.Release|Any CPU.Build.0 = Release|Any CPU
		{B0A5BCD4-7BAE-4F9B-B5AF-51A7FEB20A78}.Debug|Any CPU.ActiveCfg = Debug|Any CPU
		{B0A5BCD4-7BAE-4F9B-B5AF-51A7FEB20A78}.Debug|Any CPU.Build.0 = Debug|Any CPU
		{B0A5BCD4-7BAE-4F9B-B5AF-51A7FEB20A78}.Release|Any CPU.ActiveCfg = Release|Any CPU
		{B0A5BCD4-7BAE-4F9B-B5AF-51A7FEB20A78}.Release|Any CPU.Build.0 = Release|Any CPU
	EndGlobalSection
	GlobalSection(SolutionProperties) = preSolution
		HideSolutionNode = FALSE
	EndGlobalSection
	GlobalSection(ExtensibilityGlobals) = postSolution
		SolutionGuid = {9C53D340-2684-4D2F-8A26-721FCA9665CD}
	EndGlobalSection
EndGlobal
